// !$*UTF8*$!
{
	archiveVersion = 1;
	classes = {
	};
	objectVersion = 56;
	objects = {

/* Begin PBXBuildFile section */
		71A8859F2B9026B90017F15B /* AppDelegate.swift in Sources */ = {isa = PBXBuildFile; fileRef = 71A8859E2B9026B90017F15B /* AppDelegate.swift */; };
		71A885A12B9026B90017F15B /* art.scnassets in Resources */ = {isa = PBXBuildFile; fileRef = 71A885A02B9026B90017F15B /* art.scnassets */; };
		71A885A32B9026B90017F15B /* GameViewController.swift in Sources */ = {isa = PBXBuildFile; fileRef = 71A885A22B9026B90017F15B /* GameViewController.swift */; };
		71A885A62B9026B90017F15B /* Main.storyboard in Resources */ = {isa = PBXBuildFile; fileRef = 71A885A42B9026B90017F15B /* Main.storyboard */; };
		71A885A82B9026BD0017F15B /* Assets.xcassets in Resources */ = {isa = PBXBuildFile; fileRef = 71A885A72B9026BD0017F15B /* Assets.xcassets */; };
		71A885AB2B9026BD0017F15B /* LaunchScreen.storyboard in Resources */ = {isa = PBXBuildFile; fileRef = 71A885A92B9026BD0017F15B /* LaunchScreen.storyboard */; };
		71A885B62B9959E50017F15B /* SwiftUIJoystick in Frameworks */ = {isa = PBXBuildFile; productRef = 71A885B52B9959E50017F15B /* SwiftUIJoystick */; };
		71A885B82B99715C0017F15B /* plane.mp3 in Resources */ = {isa = PBXBuildFile; fileRef = 71A885B72B99715C0017F15B /* plane.mp3 */; };
/* End PBXBuildFile section */

/* Begin PBXFileReference section */
		71A8859B2B9026B90017F15B /* SpatailPlane.app */ = {isa = PBXFileReference; explicitFileType = wrapper.application; includeInIndex = 0; path = SpatailPlane.app; sourceTree = BUILT_PRODUCTS_DIR; };
		71A8859E2B9026B90017F15B /* AppDelegate.swift */ = {isa = PBXFileReference; lastKnownFileType = sourcecode.swift; path = AppDelegate.swift; sourceTree = "<group>"; };
		71A885A02B9026B90017F15B /* art.scnassets */ = {isa = PBXFileReference; lastKnownFileType = wrapper.scnassets; path = art.scnassets; sourceTree = "<group>"; };
		71A885A22B9026B90017F15B /* GameViewController.swift */ = {isa = PBXFileReference; lastKnownFileType = sourcecode.swift; path = GameViewController.swift; sourceTree = "<group>"; };
		71A885A52B9026B90017F15B /* Base */ = {isa = PBXFileReference; lastKnownFileType = file.storyboard; name = Base; path = Base.lproj/Main.storyboard; sourceTree = "<group>"; };
		71A885A72B9026BD0017F15B /* Assets.xcassets */ = {isa = PBXFileReference; lastKnownFileType = folder.assetcatalog; path = Assets.xcassets; sourceTree = "<group>"; };
		71A885AA2B9026BD0017F15B /* Base */ = {isa = PBXFileReference; lastKnownFileType = file.storyboard; name = Base; path = Base.lproj/LaunchScreen.storyboard; sourceTree = "<group>"; };
		71A885B72B99715C0017F15B /* plane.mp3 */ = {isa = PBXFileReference; lastKnownFileType = audio.mp3; path = plane.mp3; sourceTree = "<group>"; };
/* End PBXFileReference section */

/* Begin PBXFrameworksBuildPhase section */
		71A885982B9026B90017F15B /* Frameworks */ = {
			isa = PBXFrameworksBuildPhase;
			buildActionMask = 2147483647;
			files = (
				71A885B62B9959E50017F15B /* SwiftUIJoystick in Frameworks */,
			);
			runOnlyForDeploymentPostprocessing = 0;
		};
/* End PBXFrameworksBuildPhase section */

/* Begin PBXGroup section */
		71A885922B9026B90017F15B = {
			isa = PBXGroup;
			children = (
				71A8859D2B9026B90017F15B /* SpatailPlane */,
				71A8859C2B9026B90017F15B /* Products */,
			);
			sourceTree = "<group>";
		};
		71A8859C2B9026B90017F15B /* Products */ = {
			isa = PBXGroup;
			children = (
				71A8859B2B9026B90017F15B /* SpatailPlane.app */,
			);
			name = Products;
			sourceTree = "<group>";
		};
		71A8859D2B9026B90017F15B /* SpatailPlane */ = {
			isa = PBXGroup;
			children = (
				71A885B72B99715C0017F15B /* plane.mp3 */,
				71A8859E2B9026B90017F15B /* AppDelegate.swift */,
				71A885A02B9026B90017F15B /* art.scnassets */,
				71A885A22B9026B90017F15B /* GameViewController.swift */,
				71A885A42B9026B90017F15B /* Main.storyboard */,
				71A885A72B9026BD0017F15B /* Assets.xcassets */,
				71A885A92B9026BD0017F15B /* LaunchScreen.storyboard */,
			);
			path = SpatailPlane;
			sourceTree = "<group>";
		};
/* End PBXGroup section */

/* Begin PBXNativeTarget section */
		71A8859A2B9026B90017F15B /* SpatailPlane */ = {
			isa = PBXNativeTarget;
			buildConfigurationList = 71A885AE2B9026BD0017F15B /* Build configuration list for PBXNativeTarget "SpatailPlane" */;
			buildPhases = (
				71A885972B9026B90017F15B /* Sources */,
				71A885982B9026B90017F15B /* Frameworks */,
				71A885992B9026B90017F15B /* Resources */,
			);
			buildRules = (
			);
			dependencies = (
			);
			name = SpatailPlane;
			packageProductDependencies = (
				71A885B52B9959E50017F15B /* SwiftUIJoystick */,
			);
			productName = SpatailPlane;
			productReference = 71A8859B2B9026B90017F15B /* SpatailPlane.app */;
			productType = "com.apple.product-type.application";
		};
/* End PBXNativeTarget section */

/* Begin PBXProject section */
		71A885932B9026B90017F15B /* Project object */ = {
			isa = PBXProject;
			attributes = {
				BuildIndependentTargetsInParallel = 1;
				LastSwiftUpdateCheck = 1500;
				LastUpgradeCheck = 1500;
				TargetAttributes = {
					71A8859A2B9026B90017F15B = {
						CreatedOnToolsVersion = 15.0;
					};
				};
			};
			buildConfigurationList = 71A885962B9026B90017F15B /* Build configuration list for PBXProject "SpatailPlane" */;
			compatibilityVersion = "Xcode 14.0";
			developmentRegion = en;
			hasScannedForEncodings = 0;
			knownRegions = (
				en,
				Base,
			);
			mainGroup = 71A885922B9026B90017F15B;
			packageReferences = (
				71A885B42B9959E50017F15B /* XCRemoteSwiftPackageReference "SwiftUIJoystick" */,
			);
			productRefGroup = 71A8859C2B9026B90017F15B /* Products */;
			projectDirPath = "";
			projectRoot = "";
			targets = (
				71A8859A2B9026B90017F15B /* SpatailPlane */,
			);
		};
/* End PBXProject section */

/* Begin PBXResourcesBuildPhase section */
		71A885992B9026B90017F15B /* Resources */ = {
			isa = PBXResourcesBuildPhase;
			buildActionMask = 2147483647;
			files = (
				71A885A12B9026B90017F15B /* art.scnassets in Resources */,
				71A885AB2B9026BD0017F15B /* LaunchScreen.storyboard in Resources */,
				71A885B82B99715C0017F15B /* plane.mp3 in Resources */,
				71A885A82B9026BD0017F15B /* Assets.xcassets in Resources */,
				71A885A62B9026B90017F15B /* Main.storyboard in Resources */,
			);
			runOnlyForDeploymentPostprocessing = 0;
		};
/* End PBXResourcesBuildPhase section */

/* Begin PBXSourcesBuildPhase section */
		71A885972B9026B90017F15B /* Sources */ = {
			isa = PBXSourcesBuildPhase;
			buildActionMask = 2147483647;
			files = (
				71A885A32B9026B90017F15B /* GameViewController.swift in Sources */,
				71A8859F2B9026B90017F15B /* AppDelegate.swift in Sources */,
			);
			runOnlyForDeploymentPostprocessing = 0;
		};
/* End PBXSourcesBuildPhase section */

/* Begin PBXVariantGroup section */
		71A885A42B9026B90017F15B /* Main.storyboard */ = {
			isa = PBXVariantGroup;
			children = (
				71A885A52B9026B90017F15B /* Base */,
			);
			name = Main.storyboard;
			sourceTree = "<group>";
		};
		71A885A92B9026BD0017F15B /* LaunchScreen.storyboard */ = {
			isa = PBXVariantGroup;
			children = (
				71A885AA2B9026BD0017F15B /* Base */,
			);
			name = LaunchScreen.storyboard;
			sourceTree = "<group>";
		};
/* End PBXVariantGroup section */

/* Begin XCBuildConfiguration section */
		71A885AC2B9026BD0017F15B /* Debug */ = {
			isa = XCBuildConfiguration;
			buildSettings = {
				ALWAYS_SEARCH_USER_PATHS = NO;
				ASSETCATALOG_COMPILER_GENERATE_SWIFT_ASSET_SYMBOL_EXTENSIONS = YES;
				CLANG_ANALYZER_NONNULL = YES;
				CLANG_ANALYZER_NUMBER_OBJECT_CONVERSION = YES_AGGRESSIVE;
				CLANG_CXX_LANGUAGE_STANDARD = "gnu++20";
				CLANG_ENABLE_MODULES = YES;
				CLANG_ENABLE_OBJC_ARC = YES;
				CLANG_ENABLE_OBJC_WEAK = YES;
				CLANG_WARN_BLOCK_CAPTURE_AUTORELEASING = YES;
				CLANG_WARN_BOOL_CONVERSION = YES;
				CLANG_WARN_COMMA = YES;
				CLANG_WARN_CONSTANT_CONVERSION = YES;
				CLANG_WARN_DEPRECATED_OBJC_IMPLEMENTATIONS = YES;
				CLANG_WARN_DIRECT_OBJC_ISA_USAGE = YES_ERROR;
				CLANG_WARN_DOCUMENTATION_COMMENTS = YES;
				CLANG_WARN_EMPTY_BODY = YES;
				CLANG_WARN_ENUM_CONVERSION = YES;
				CLANG_WARN_INFINITE_RECURSION = YES;
				CLANG_WARN_INT_CONVERSION = YES;
				CLANG_WARN_NON_LITERAL_NULL_CONVERSION = YES;
				CLANG_WARN_OBJC_IMPLICIT_RETAIN_SELF = YES;
				CLANG_WARN_OBJC_LITERAL_CONVERSION = YES;
				CLANG_WARN_OBJC_ROOT_CLASS = YES_ERROR;
				CLANG_WARN_QUOTED_INCLUDE_IN_FRAMEWORK_HEADER = YES;
				CLANG_WARN_RANGE_LOOP_ANALYSIS = YES;
				CLANG_WARN_STRICT_PROTOTYPES = YES;
				CLANG_WARN_SUSPICIOUS_MOVE = YES;
				CLANG_WARN_UNGUARDED_AVAILABILITY = YES_AGGRESSIVE;
				CLANG_WARN_UNREACHABLE_CODE = YES;
				CLANG_WARN__DUPLICATE_METHOD_MATCH = YES;
				COPY_PHASE_STRIP = NO;
				DEBUG_INFORMATION_FORMAT = dwarf;
				ENABLE_STRICT_OBJC_MSGSEND = YES;
				ENABLE_TESTABILITY = YES;
				ENABLE_USER_SCRIPT_SANDBOXING = YES;
				GCC_C_LANGUAGE_STANDARD = gnu17;
				GCC_DYNAMIC_NO_PIC = NO;
				GCC_NO_COMMON_BLOCKS = YES;
				GCC_OPTIMIZATION_LEVEL = 0;
				GCC_PREPROCESSOR_DEFINITIONS = (
					"DEBUG=1",
					"$(inherited)",
				);
				GCC_WARN_64_TO_32_BIT_CONVERSION = YES;
				GCC_WARN_ABOUT_RETURN_TYPE = YES_ERROR;
				GCC_WARN_UNDECLARED_SELECTOR = YES;
				GCC_WARN_UNINITIALIZED_AUTOS = YES_AGGRESSIVE;
				GCC_WARN_UNUSED_FUNCTION = YES;
				GCC_WARN_UNUSED_VARIABLE = YES;
				IPHONEOS_DEPLOYMENT_TARGET = 17.0;
				LOCALIZATION_PREFERS_STRING_CATALOGS = YES;
				MTL_ENABLE_DEBUG_INFO = INCLUDE_SOURCE;
				MTL_FAST_MATH = YES;
				ONLY_ACTIVE_ARCH = YES;
				SDKROOT = iphoneos;
				SWIFT_ACTIVE_COMPILATION_CONDITIONS = "DEBUG $(inherited)";
				SWIFT_OPTIMIZATION_LEVEL = "-Onone";
			};
			name = Debug;
		};
		71A885AD2B9026BD0017F15B /* Release */ = {
			isa = XCBuildConfiguration;
			buildSettings = {
				ALWAYS_SEARCH_USER_PATHS = NO;
				ASSETCATALOG_COMPILER_GENERATE_SWIFT_ASSET_SYMBOL_EXTENSIONS = YES;
				CLANG_ANALYZER_NONNULL = YES;
				CLANG_ANALYZER_NUMBER_OBJECT_CONVERSION = YES_AGGRESSIVE;
				CLANG_CXX_LANGUAGE_STANDARD = "gnu++20";
				CLANG_ENABLE_MODULES = YES;
				CLANG_ENABLE_OBJC_ARC = YES;
				CLANG_ENABLE_OBJC_WEAK = YES;
				CLANG_WARN_BLOCK_CAPTURE_AUTORELEASING = YES;
				CLANG_WARN_BOOL_CONVERSION = YES;
				CLANG_WARN_COMMA = YES;
				CLANG_WARN_CONSTANT_CONVERSION = YES;
				CLANG_WARN_DEPRECATED_OBJC_IMPLEMENTATIONS = YES;
				CLANG_WARN_DIRECT_OBJC_ISA_USAGE = YES_ERROR;
				CLANG_WARN_DOCUMENTATION_COMMENTS = YES;
				CLANG_WARN_EMPTY_BODY = YES;
				CLANG_WARN_ENUM_CONVERSION = YES;
				CLANG_WARN_INFINITE_RECURSION = YES;
				CLANG_WARN_INT_CONVERSION = YES;
				CLANG_WARN_NON_LITERAL_NULL_CONVERSION = YES;
				CLANG_WARN_OBJC_IMPLICIT_RETAIN_SELF = YES;
				CLANG_WARN_OBJC_LITERAL_CONVERSION = YES;
				CLANG_WARN_OBJC_ROOT_CLASS = YES_ERROR;
				CLANG_WARN_QUOTED_INCLUDE_IN_FRAMEWORK_HEADER = YES;
				CLANG_WARN_RANGE_LOOP_ANALYSIS = YES;
				CLANG_WARN_STRICT_PROTOTYPES = YES;
				CLANG_WARN_SUSPICIOUS_MOVE = YES;
				CLANG_WARN_UNGUARDED_AVAILABILITY = YES_AGGRESSIVE;
				CLANG_WARN_UNREACHABLE_CODE = YES;
				CLANG_WARN__DUPLICATE_METHOD_MATCH = YES;
				COPY_PHASE_STRIP = NO;
				DEBUG_INFORMATION_FORMAT = "dwarf-with-dsym";
				ENABLE_NS_ASSERTIONS = NO;
				ENABLE_STRICT_OBJC_MSGSEND = YES;
				ENABLE_USER_SCRIPT_SANDBOXING = YES;
				GCC_C_LANGUAGE_STANDARD = gnu17;
				GCC_NO_COMMON_BLOCKS = YES;
				GCC_WARN_64_TO_32_BIT_CONVERSION = YES;
				GCC_WARN_ABOUT_RETURN_TYPE = YES_ERROR;
				GCC_WARN_UNDECLARED_SELECTOR = YES;
				GCC_WARN_UNINITIALIZED_AUTOS = YES_AGGRESSIVE;
				GCC_WARN_UNUSED_FUNCTION = YES;
				GCC_WARN_UNUSED_VARIABLE = YES;
				IPHONEOS_DEPLOYMENT_TARGET = 17.0;
				LOCALIZATION_PREFERS_STRING_CATALOGS = YES;
				MTL_ENABLE_DEBUG_INFO = NO;
				MTL_FAST_MATH = YES;
				SDKROOT = iphoneos;
				SWIFT_COMPILATION_MODE = wholemodule;
				VALIDATE_PRODUCT = YES;
			};
			name = Release;
		};
		71A885AF2B9026BD0017F15B /* Debug */ = {
			isa = XCBuildConfiguration;
			buildSettings = {
				ASSETCATALOG_COMPILER_APPICON_NAME = AppIcon;
				ASSETCATALOG_COMPILER_GLOBAL_ACCENT_COLOR_NAME = AccentColor;
				CODE_SIGN_STYLE = Automatic;
				CURRENT_PROJECT_VERSION = 1;
				DEVELOPMENT_TEAM = "";
				GENERATE_INFOPLIST_FILE = YES;
				INFOPLIST_KEY_UIApplicationSupportsIndirectInputEvents = YES;
				INFOPLIST_KEY_UILaunchStoryboardName = LaunchScreen;
				INFOPLIST_KEY_UIMainStoryboardFile = Main;
				INFOPLIST_KEY_UIStatusBarHidden = YES;
				INFOPLIST_KEY_UISupportedInterfaceOrientations = "UIInterfaceOrientationLandscapeLeft UIInterfaceOrientationLandscapeRight";
				INFOPLIST_KEY_UISupportedInterfaceOrientations_iPad = "UIInterfaceOrientationLandscapeLeft UIInterfaceOrientationLandscapeRight UIInterfaceOrientationPortraitUpsideDown";
				LD_RUNPATH_SEARCH_PATHS = (
					"$(inherited)",
					"@executable_path/Frameworks",
				);
				MARKETING_VERSION = 1.0;
				PRODUCT_BUNDLE_IDENTIFIER = com.razi.SpatailPlane;
				PRODUCT_NAME = "$(TARGET_NAME)";
				SWIFT_EMIT_LOC_STRINGS = YES;
				SWIFT_VERSION = 5.0;
				TARGETED_DEVICE_FAMILY = "1,2";
			};
			name = Debug;
		};
		71A885B02B9026BD0017F15B /* Release */ = {
			isa = XCBuildConfiguration;
			buildSettings = {
				ASSETCATALOG_COMPILER_APPICON_NAME = AppIcon;
				ASSETCATALOG_COMPILER_GLOBAL_ACCENT_COLOR_NAME = AccentColor;
				CODE_SIGN_STYLE = Automatic;
				CURRENT_PROJECT_VERSION = 1;
				DEVELOPMENT_TEAM = "";
				GENERATE_INFOPLIST_FILE = YES;
				INFOPLIST_KEY_UIApplicationSupportsIndirectInputEvents = YES;
				INFOPLIST_KEY_UILaunchStoryboardName = LaunchScreen;
				INFOPLIST_KEY_UIMainStoryboardFile = Main;
				INFOPLIST_KEY_UIStatusBarHidden = YES;
				INFOPLIST_KEY_UISupportedInterfaceOrientations = "UIInterfaceOrientationLandscapeLeft UIInterfaceOrientationLandscapeRight";
				INFOPLIST_KEY_UISupportedInterfaceOrientations_iPad = "UIInterfaceOrientationLandscapeLeft UIInterfaceOrientationLandscapeRight UIInterfaceOrientationPortraitUpsideDown";
				LD_RUNPATH_SEARCH_PATHS = (
					"$(inherited)",
					"@executable_path/Frameworks",
				);
				MARKETING_VERSION = 1.0;
				PRODUCT_BUNDLE_IDENTIFIER = com.razi.SpatailPlane;
				PRODUCT_NAME = "$(TARGET_NAME)";
				SWIFT_EMIT_LOC_STRINGS = YES;
				SWIFT_VERSION = 5.0;
				TARGETED_DEVICE_FAMILY = "1,2";
			};
			name = Release;
		};
/* End XCBuildConfiguration section */

/* Begin XCConfigurationList section */
		71A885962B9026B90017F15B /* Build configuration list for PBXProject "SpatailPlane" */ = {
			isa = XCConfigurationList;
			buildConfigurations = (
				71A885AC2B9026BD0017F15B /* Debug */,
				71A885AD2B9026BD0017F15B /* Release */,
			);
			defaultConfigurationIsVisible = 0;
			defaultConfigurationName = Release;
		};
		71A885AE2B9026BD0017F15B /* Build configuration list for PBXNativeTarget "SpatailPlane" */ = {
			isa = XCConfigurationList;
			buildConfigurations = (
				71A885AF2B9026BD0017F15B /* Debug */,
				71A885B02B9026BD0017F15B /* Release */,
			);
			defaultConfigurationIsVisible = 0;
			defaultConfigurationName = Release;
		};
/* End XCConfigurationList section */

/* Begin XCRemoteSwiftPackageReference section */
		71A885B42B9959E50017F15B /* XCRemoteSwiftPackageReference "SwiftUIJoystick" */ = {
			isa = XCRemoteSwiftPackageReference;
			repositoryURL = "https://github.com/michael94ellis/SwiftUIJoystick.git";
			requirement = {
				kind = upToNextMajorVersion;
				minimumVersion = 1.5.0;
			};
		};
/* End XCRemoteSwiftPackageReference section */

/* Begin XCSwiftPackageProductDependency section */
		71A885B52B9959E50017F15B /* SwiftUIJoystick */ = {
			isa = XCSwiftPackageProductDependency;
			package = 71A885B42B9959E50017F15B /* XCRemoteSwiftPackageReference "SwiftUIJoystick" */;
			productName = SwiftUIJoystick;
		};
/* End XCSwiftPackageProductDependency section */
	};
	rootObject = 71A885932B9026B90017F15B /* Project object */;
}
